
Microsoft Visual Studio Solution File, Format Version 12.00
# Visual Studio Version 17
VisualStudioVersion = 17.3.32804.467
MinimumVisualStudioVersion = 10.0.40219.1
Project("{FAE04EC0-301F-11D3-BF4B-00C04F79EFBC}") = "DecimalHexadecimal", "DecimalHexadecimal\DecimalHexadecimal.csproj", "{90E77CF1-B81F-4D74-9A82-CFA3DFF0415C}"
EndProject
Global
	GlobalSection(SolutionConfigurationPlatforms) = preSolution
		Debug|Any CPU = Debug|Any CPU
		Release|Any CPU = Release|Any CPU
	EndGlobalSection
	GlobalSection(ProjectConfigurationPlatforms) = postSolution
		{90E77CF1-B81F-4D74-9A82-CFA3DFF0415C}.Debug|Any CPU.ActiveCfg = Debug|Any CPU
		{90E77CF1-B81F-4D74-9A82-CFA3DFF0415C}.Debug|Any CPU.Build.0 = Debug|Any CPU
		{90E77CF1-B81F-4D74-9A82-CFA3DFF0415C}.Release|Any CPU.ActiveCfg = Release|Any CPU
		{90E77CF1-B81F-4D74-9A82-CFA3DFF0415C}.Release|Any CPU.Build.0 = Release|Any CPU
	EndGlobalSection
	GlobalSection(SolutionProperties) = preSolution
		HideSolutionNode = FALSE
	EndGlobalSection
	GlobalSection(ExtensibilityGlobals) = postSolution
		SolutionGuid = {366FFE9B-49E6-41C8-BA48-0E71367280A7}
	EndGlobalSection
EndGlobal
